// !$*UTF8*$!
{
	archiveVersion = 1;
	classes = {
	};
	objectVersion = 46;
	objects = {

/* Begin PBXBuildFile section */
		CB0730FE1C8927D5006B9E56 /* iDFLog.h in Sources */ = {isa = PBXBuildFile; fileRef = CB4A85801C87ED990075AD64 /* iDFLog.h */; };
		CB0730FF1C8927D5006B9E56 /* iDFPlugin.h in Sources */ = {isa = PBXBuildFile; fileRef = CBB2EF4E1C8801D70073B94D /* iDFPlugin.h */; };
		CB0731011C8927D5006B9E56 /* iDFConfig.h in Sources */ = {isa = PBXBuildFile; fileRef = CB0730FD1C89274A006B9E56 /* iDFConfig.h */; };
		CB0731031C8927F2006B9E56 /* CoreFoundation.framework in Frameworks */ = {isa = PBXBuildFile; fileRef = CB0731021C8927F2006B9E56 /* CoreFoundation.framework */; };
		CB0731061C893331006B9E56 /* test.plist in Resources */ = {isa = PBXBuildFile; fileRef = CB0731051C893331006B9E56 /* test.plist */; };
		CB15C5671C8E9573005A735D /* iDFCommandSet.h in Headers */ = {isa = PBXBuildFile; fileRef = CB15C5651C8E9573005A735D /* iDFCommandSet.h */; };
		CB15C5681C8E9573005A735D /* iDFIPC.h in Headers */ = {isa = PBXBuildFile; fileRef = CB15C5661C8E9573005A735D /* iDFIPC.h */; };
		CB4A854E1C8687C40075AD64 /* Thread.mm in Sources */ = {isa = PBXBuildFile; fileRef = CB4A854D1C8687C40075AD64 /* Thread.mm */; };
		CB4A85501C8687C40075AD64 /* libiDFUtil.dylib in Frameworks */ = {isa = PBXBuildFile; fileRef = CB8E34F31C86828900A60BAE /* libiDFUtil.dylib */; };
		CB4A855F1C8691CB0075AD64 /* iDFException.h in Headers */ = {isa = PBXBuildFile; fileRef = CB4A855C1C8691CB0075AD64 /* iDFException.h */; };
		CB4A85601C8691CB0075AD64 /* iDFLock.h in Headers */ = {isa = PBXBuildFile; fileRef = CB4A855D1C8691CB0075AD64 /* iDFLock.h */; };
		CB4A85611C8691CB0075AD64 /* iDFThread.h in Headers */ = {isa = PBXBuildFile; fileRef = CB4A855E1C8691CB0075AD64 /* iDFThread.h */; };
		CB4A85631C86947D0075AD64 /* iDFThread.cpp in Sources */ = {isa = PBXBuildFile; fileRef = CB4A85621C86947D0075AD64 /* iDFThread.cpp */; };
		CB4A856A1C86CBE00075AD64 /* iDFIPC.cpp in Sources */ = {isa = PBXBuildFile; fileRef = CB4A85691C86CBE00075AD64 /* iDFIPC.cpp */; };
		CB4A85721C86E2CE0075AD64 /* main.cpp in Sources */ = {isa = PBXBuildFile; fileRef = CB4A85711C86E2CE0075AD64 /* main.cpp */; };
		CB4A85761C86E2EC0075AD64 /* iDFException.h in Sources */ = {isa = PBXBuildFile; fileRef = CB4A855C1C8691CB0075AD64 /* iDFException.h */; };
		CB4A85771C86E2EC0075AD64 /* iDFLock.h in Sources */ = {isa = PBXBuildFile; fileRef = CB4A855D1C8691CB0075AD64 /* iDFLock.h */; };
		CB4A85781C86E2EC0075AD64 /* iDFThread.h in Sources */ = {isa = PBXBuildFile; fileRef = CB4A855E1C8691CB0075AD64 /* iDFThread.h */; };
		CB4A85791C86E2EC0075AD64 /* common.h in Sources */ = {isa = PBXBuildFile; fileRef = CB4A85641C86B1D20075AD64 /* common.h */; };
		CB4A857B1C86E2EC0075AD64 /* iDFErrorCode.h in Sources */ = {isa = PBXBuildFile; fileRef = CB4A85661C86C69F0075AD64 /* iDFErrorCode.h */; };
		CB4A857C1C86E2EC0075AD64 /* Visibility_push.h in Sources */ = {isa = PBXBuildFile; fileRef = CB4A85671C86C7720075AD64 /* Visibility_push.h */; };
		CB4A857D1C86E2EC0075AD64 /* Visibility_pop.h in Sources */ = {isa = PBXBuildFile; fileRef = CB4A85681C86C7840075AD64 /* Visibility_pop.h */; };
		CB4A857E1C86E2EC0075AD64 /* iDFThread.cpp in Sources */ = {isa = PBXBuildFile; fileRef = CB4A85621C86947D0075AD64 /* iDFThread.cpp */; };
		CB4A857F1C86E2EC0075AD64 /* iDFIPC.cpp in Sources */ = {isa = PBXBuildFile; fileRef = CB4A85691C86CBE00075AD64 /* iDFIPC.cpp */; };
		CB4A85821C87EF8A0075AD64 /* iDFException.cpp in Sources */ = {isa = PBXBuildFile; fileRef = CB4A85811C87EF8A0075AD64 /* iDFException.cpp */; };
		CB4A85831C87F0440075AD64 /* iDFException.cpp in Sources */ = {isa = PBXBuildFile; fileRef = CB4A85811C87EF8A0075AD64 /* iDFException.cpp */; };
		CB4A85851C87FF0D0075AD64 /* iDFLog.cpp in Sources */ = {isa = PBXBuildFile; fileRef = CB4A85841C87FF0D0075AD64 /* iDFLog.cpp */; };
		CBC9D3511C8D2C860087B66F /* IDF_LogMessage.pb.cc in Sources */ = {isa = PBXBuildFile; fileRef = CBC9D34F1C8D2C860087B66F /* IDF_LogMessage.pb.cc */; };
		CBC9D3521C8D2C860087B66F /* IDF_LogMessage.pb.h in Headers */ = {isa = PBXBuildFile; fileRef = CBC9D3501C8D2C860087B66F /* IDF_LogMessage.pb.h */; };
		CBC9D3541C8D361A0087B66F /* IDF_LogMessage.pb.cc in Sources */ = {isa = PBXBuildFile; fileRef = CBC9D34F1C8D2C860087B66F /* IDF_LogMessage.pb.cc */; };
		CBC9D3551C8D361A0087B66F /* IDF_LogMessage.pb.h in Sources */ = {isa = PBXBuildFile; fileRef = CBC9D3501C8D2C860087B66F /* IDF_LogMessage.pb.h */; };
		CBC9D3591C8D36550087B66F /* libprotobuf-lite.9.dylib in Frameworks */ = {isa = PBXBuildFile; fileRef = CBC9D3561C8D36550087B66F /* libprotobuf-lite.9.dylib */; };
		CBC9D35A1C8D36550087B66F /* libprotobuf.9.dylib in Frameworks */ = {isa = PBXBuildFile; fileRef = CBC9D3571C8D36550087B66F /* libprotobuf.9.dylib */; };
		CBC9D35B1C8D36550087B66F /* libprotoc.9.dylib in Frameworks */ = {isa = PBXBuildFile; fileRef = CBC9D3581C8D36550087B66F /* libprotoc.9.dylib */; };
		CBC9D35D1C8DA00E0087B66F /* IDF_LogMessage.h in Headers */ = {isa = PBXBuildFile; fileRef = CBC9D35C1C8DA00E0087B66F /* IDF_LogMessage.h */; };
		CBC9D35E1C8DA06E0087B66F /* libprotobuf-lite.9.dylib in Frameworks */ = {isa = PBXBuildFile; fileRef = CBC9D3561C8D36550087B66F /* libprotobuf-lite.9.dylib */; };
		CBC9D35F1C8DA06F0087B66F /* libprotobuf.9.dylib in Frameworks */ = {isa = PBXBuildFile; fileRef = CBC9D3571C8D36550087B66F /* libprotobuf.9.dylib */; };
		CBC9D3601C8DA06F0087B66F /* libprotoc.9.dylib in Frameworks */ = {isa = PBXBuildFile; fileRef = CBC9D3581C8D36550087B66F /* libprotoc.9.dylib */; };
/* End PBXBuildFile section */

/* Begin PBXContainerItemProxy section */
		CB4A85511C8687C40075AD64 /* PBXContainerItemProxy */ = {
			isa = PBXContainerItemProxy;
			containerPortal = CB8E34EB1C86828900A60BAE /* Project object */;
			proxyType = 1;
			remoteGlobalIDString = CB8E34F21C86828900A60BAE;
			remoteInfo = iDFUtil;
		};
/* End PBXContainerItemProxy section */

/* Begin PBXCopyFilesBuildPhase section */
		CB4A856D1C86E2CE0075AD64 /* CopyFiles */ = {
			isa = PBXCopyFilesBuildPhase;
			buildActionMask = 2147483647;
			dstPath = /usr/share/man/man1/;
			dstSubfolderSpec = 0;
			files = (
			);
			runOnlyForDeploymentPostprocessing = 1;
		};
/* End PBXCopyFilesBuildPhase section */

/* Begin PBXFileReference section */
		CB0730FD1C89274A006B9E56 /* iDFConfig.h */ = {isa = PBXFileReference; lastKnownFileType = sourcecode.c.h; name = iDFConfig.h; path = ../../include/util/iDFConfig.h; sourceTree = "<group>"; };
		CB0731021C8927F2006B9E56 /* CoreFoundation.framework */ = {isa = PBXFileReference; lastKnownFileType = wrapper.framework; name = CoreFoundation.framework; path = System/Library/Frameworks/CoreFoundation.framework; sourceTree = SDKROOT; };
		CB0731051C893331006B9E56 /* test.plist */ = {isa = PBXFileReference; fileEncoding = 4; lastKnownFileType = text.plist.xml; name = test.plist; path = res/test.plist; sourceTree = "<group>"; };
		CB0731071C897468006B9E56 /* iDFTypeConvert.h */ = {isa = PBXFileReference; lastKnownFileType = sourcecode.c.h; name = iDFTypeConvert.h; path = ../../include/util/iDFTypeConvert.h; sourceTree = "<group>"; };
		CB15C5651C8E9573005A735D /* iDFCommandSet.h */ = {isa = PBXFileReference; fileEncoding = 4; lastKnownFileType = sourcecode.c.h; name = iDFCommandSet.h; path = ../../include/util/iDFCommandSet.h; sourceTree = "<group>"; };
		CB15C5661C8E9573005A735D /* iDFIPC.h */ = {isa = PBXFileReference; fileEncoding = 4; lastKnownFileType = sourcecode.c.h; name = iDFIPC.h; path = ../../include/util/iDFIPC.h; sourceTree = "<group>"; };
		CB15C58A1C8EB1B4005A735D /* iDFConfigStatus.h */ = {isa = PBXFileReference; lastKnownFileType = sourcecode.c.h; name = iDFConfigStatus.h; path = ../../include/util/iDFConfigStatus.h; sourceTree = "<group>"; };
		CB4A854B1C8687C40075AD64 /* Tests.xctest */ = {isa = PBXFileReference; explicitFileType = wrapper.cfbundle; includeInIndex = 0; path = Tests.xctest; sourceTree = BUILT_PRODUCTS_DIR; };
		CB4A854D1C8687C40075AD64 /* Thread.mm */ = {isa = PBXFileReference; lastKnownFileType = sourcecode.cpp.objcpp; path = Thread.mm; sourceTree = "<group>"; };
		CB4A854F1C8687C40075AD64 /* Info.plist */ = {isa = PBXFileReference; lastKnownFileType = text.plist.xml; path = Info.plist; sourceTree = "<group>"; };
		CB4A855C1C8691CB0075AD64 /* iDFException.h */ = {isa = PBXFileReference; fileEncoding = 4; lastKnownFileType = sourcecode.c.h; name = iDFException.h; path = ../../include/util/iDFException.h; sourceTree = "<group>"; };
		CB4A855D1C8691CB0075AD64 /* iDFLock.h */ = {isa = PBXFileReference; fileEncoding = 4; lastKnownFileType = sourcecode.c.h; name = iDFLock.h; path = ../../include/util/iDFLock.h; sourceTree = "<group>"; };
		CB4A855E1C8691CB0075AD64 /* iDFThread.h */ = {isa = PBXFileReference; fileEncoding = 4; lastKnownFileType = sourcecode.c.h; name = iDFThread.h; path = ../../include/util/iDFThread.h; sourceTree = "<group>"; };
		CB4A85621C86947D0075AD64 /* iDFThread.cpp */ = {isa = PBXFileReference; fileEncoding = 4; lastKnownFileType = sourcecode.cpp.cpp; name = iDFThread.cpp; path = src/iDFThread.cpp; sourceTree = "<group>"; };
		CB4A85641C86B1D20075AD64 /* common.h */ = {isa = PBXFileReference; lastKnownFileType = sourcecode.c.h; name = common.h; path = ../../include/util/common.h; sourceTree = "<group>"; };
		CB4A85661C86C69F0075AD64 /* iDFErrorCode.h */ = {isa = PBXFileReference; lastKnownFileType = sourcecode.c.h; name = iDFErrorCode.h; path = ../../include/util/iDFErrorCode.h; sourceTree = "<group>"; };
		CB4A85671C86C7720075AD64 /* Visibility_push.h */ = {isa = PBXFileReference; lastKnownFileType = sourcecode.c.h; name = Visibility_push.h; path = ../../include/util/Visibility_push.h; sourceTree = "<group>"; };
		CB4A85681C86C7840075AD64 /* Visibility_pop.h */ = {isa = PBXFileReference; lastKnownFileType = sourcecode.c.h; name = Visibility_pop.h; path = ../../include/util/Visibility_pop.h; sourceTree = "<group>"; };
		CB4A85691C86CBE00075AD64 /* iDFIPC.cpp */ = {isa = PBXFileReference; fileEncoding = 4; lastKnownFileType = sourcecode.cpp.cpp; name = iDFIPC.cpp; path = src/iDFIPC.cpp; sourceTree = "<group>"; };
		CB4A856F1C86E2CE0075AD64 /* testipc */ = {isa = PBXFileReference; explicitFileType = "compiled.mach-o.executable"; includeInIndex = 0; path = testipc; sourceTree = BUILT_PRODUCTS_DIR; };
		CB4A85711C86E2CE0075AD64 /* main.cpp */ = {isa = PBXFileReference; lastKnownFileType = sourcecode.cpp.cpp; path = main.cpp; sourceTree = "<group>"; };
		CB4A85801C87ED990075AD64 /* iDFLog.h */ = {isa = PBXFileReference; lastKnownFileType = sourcecode.c.h; name = iDFLog.h; path = ../../include/util/iDFLog.h; sourceTree = "<group>"; };
		CB4A85811C87EF8A0075AD64 /* iDFException.cpp */ = {isa = PBXFileReference; fileEncoding = 4; lastKnownFileType = sourcecode.cpp.cpp; name = iDFException.cpp; path = src/iDFException.cpp; sourceTree = "<group>"; };
		CB4A85841C87FF0D0075AD64 /* iDFLog.cpp */ = {isa = PBXFileReference; fileEncoding = 4; lastKnownFileType = sourcecode.cpp.cpp; name = iDFLog.cpp; path = src/iDFLog.cpp; sourceTree = "<group>"; };
		CB8E34F31C86828900A60BAE /* libiDFUtil.dylib */ = {isa = PBXFileReference; explicitFileType = "compiled.mach-o.dylib"; includeInIndex = 0; path = libiDFUtil.dylib; sourceTree = BUILT_PRODUCTS_DIR; };
		CBB2EF4E1C8801D70073B94D /* iDFPlugin.h */ = {isa = PBXFileReference; lastKnownFileType = sourcecode.c.h; name = iDFPlugin.h; path = ../../include/util/iDFPlugin.h; sourceTree = "<group>"; };
		CBC9D34F1C8D2C860087B66F /* IDF_LogMessage.pb.cc */ = {isa = PBXFileReference; fileEncoding = 4; lastKnownFileType = sourcecode.cpp.cpp; name = IDF_LogMessage.pb.cc; path = ../../../protobuf/IDF_LogMessage.pb.cc; sourceTree = "<group>"; };
		CBC9D3501C8D2C860087B66F /* IDF_LogMessage.pb.h */ = {isa = PBXFileReference; fileEncoding = 4; lastKnownFileType = sourcecode.c.h; name = IDF_LogMessage.pb.h; path = ../../../protobuf/IDF_LogMessage.pb.h; sourceTree = "<group>"; };
		CBC9D3561C8D36550087B66F /* libprotobuf-lite.9.dylib */ = {isa = PBXFileReference; lastKnownFileType = "compiled.mach-o.dylib"; name = "libprotobuf-lite.9.dylib"; path = "../../../3rd_party/protobuf2.6/lib/libprotobuf-lite.9.dylib"; sourceTree = "<group>"; };
		CBC9D3571C8D36550087B66F /* libprotobuf.9.dylib */ = {isa = PBXFileReference; lastKnownFileType = "compiled.mach-o.dylib"; name = libprotobuf.9.dylib; path = ../../../3rd_party/protobuf2.6/lib/libprotobuf.9.dylib; sourceTree = "<group>"; };
		CBC9D3581C8D36550087B66F /* libprotoc.9.dylib */ = {isa = PBXFileReference; lastKnownFileType = "compiled.mach-o.dylib"; name = libprotoc.9.dylib; path = ../../../3rd_party/protobuf2.6/lib/libprotoc.9.dylib; sourceTree = "<group>"; };
		CBC9D35C1C8DA00E0087B66F /* IDF_LogMessage.h */ = {isa = PBXFileReference; fileEncoding = 4; lastKnownFileType = sourcecode.c.h; name = IDF_LogMessage.h; path = ../../../../../../untitled3/IDF_LogMessage.h; sourceTree = "<group>"; };
/* End PBXFileReference section */

/* Begin PBXFrameworksBuildPhase section */
		CB4A85481C8687C40075AD64 /* Frameworks */ = {
			isa = PBXFrameworksBuildPhase;
			buildActionMask = 2147483647;
			files = (
				CB4A85501C8687C40075AD64 /* libiDFUtil.dylib in Frameworks */,
			);
			runOnlyForDeploymentPostprocessing = 0;
		};
		CB4A856C1C86E2CE0075AD64 /* Frameworks */ = {
			isa = PBXFrameworksBuildPhase;
			buildActionMask = 2147483647;
			files = (
				CBC9D3591C8D36550087B66F /* libprotobuf-lite.9.dylib in Frameworks */,
				CBC9D35A1C8D36550087B66F /* libprotobuf.9.dylib in Frameworks */,
				CBC9D35B1C8D36550087B66F /* libprotoc.9.dylib in Frameworks */,
				CB0731031C8927F2006B9E56 /* CoreFoundation.framework in Frameworks */,
			);
			runOnlyForDeploymentPostprocessing = 0;
		};
		CB8E34F01C86828900A60BAE /* Frameworks */ = {
			isa = PBXFrameworksBuildPhase;
			buildActionMask = 2147483647;
			files = (
				CBC9D35E1C8DA06E0087B66F /* libprotobuf-lite.9.dylib in Frameworks */,
				CBC9D35F1C8DA06F0087B66F /* libprotobuf.9.dylib in Frameworks */,
				CBC9D3601C8DA06F0087B66F /* libprotoc.9.dylib in Frameworks */,
			);
			runOnlyForDeploymentPostprocessing = 0;
		};
/* End PBXFrameworksBuildPhase section */

/* Begin PBXGroup section */
		CB0731041C89330F006B9E56 /* plist */ = {
			isa = PBXGroup;
			children = (
				CB0731051C893331006B9E56 /* test.plist */,
			);
			name = plist;
			sourceTree = "<group>";
		};
		CB07310A1C898201006B9E56 /* protobuf */ = {
			isa = PBXGroup;
			children = (
				CBC9D35C1C8DA00E0087B66F /* IDF_LogMessage.h */,
				CBC9D34F1C8D2C860087B66F /* IDF_LogMessage.pb.cc */,
				CBC9D3501C8D2C860087B66F /* IDF_LogMessage.pb.h */,
			);
			name = protobuf;
			sourceTree = "<group>";
		};
		CB4A854C1C8687C40075AD64 /* Tests */ = {
			isa = PBXGroup;
			children = (
				CB0731041C89330F006B9E56 /* plist */,
				CB4A854D1C8687C40075AD64 /* Thread.mm */,
				CB4A854F1C8687C40075AD64 /* Info.plist */,
			);
			path = Tests;
			sourceTree = "<group>";
		};
		CB4A85561C868B250075AD64 /* src */ = {
			isa = PBXGroup;
			children = (
				CB4A85621C86947D0075AD64 /* iDFThread.cpp */,
				CB4A85691C86CBE00075AD64 /* iDFIPC.cpp */,
				CB4A85811C87EF8A0075AD64 /* iDFException.cpp */,
				CB4A85841C87FF0D0075AD64 /* iDFLog.cpp */,
			);
			name = src;
			sourceTree = "<group>";
		};
		CB4A85571C868B2D0075AD64 /* include */ = {
			isa = PBXGroup;
			children = (
				CB15C5651C8E9573005A735D /* iDFCommandSet.h */,
				CB15C5661C8E9573005A735D /* iDFIPC.h */,
				CB4A855C1C8691CB0075AD64 /* iDFException.h */,
				CB4A855D1C8691CB0075AD64 /* iDFLock.h */,
				CB4A855E1C8691CB0075AD64 /* iDFThread.h */,
				CB4A85641C86B1D20075AD64 /* common.h */,
				CB4A85661C86C69F0075AD64 /* iDFErrorCode.h */,
				CB4A85671C86C7720075AD64 /* Visibility_push.h */,
				CB4A85681C86C7840075AD64 /* Visibility_pop.h */,
				CB4A85801C87ED990075AD64 /* iDFLog.h */,
				CBB2EF4E1C8801D70073B94D /* iDFPlugin.h */,
				CB0730FD1C89274A006B9E56 /* iDFConfig.h */,
				CB0731071C897468006B9E56 /* iDFTypeConvert.h */,
				CB15C58A1C8EB1B4005A735D /* iDFConfigStatus.h */,
			);
			name = include;
			sourceTree = "<group>";
		};
		CB4A85701C86E2CE0075AD64 /* testipc */ = {
			isa = PBXGroup;
			children = (
				CB4A85711C86E2CE0075AD64 /* main.cpp */,
			);
			path = testipc;
			sourceTree = "<group>";
		};
		CB8E34EA1C86828900A60BAE = {
			isa = PBXGroup;
			children = (
				CBC9D3561C8D36550087B66F /* libprotobuf-lite.9.dylib */,
				CBC9D3571C8D36550087B66F /* libprotobuf.9.dylib */,
				CBC9D3581C8D36550087B66F /* libprotoc.9.dylib */,
				CBC9D3531C8D2C920087B66F /* New Group */,
				CB07310A1C898201006B9E56 /* protobuf */,
				CB0731021C8927F2006B9E56 /* CoreFoundation.framework */,
				CB4A85571C868B2D0075AD64 /* include */,
				CB4A85561C868B250075AD64 /* src */,
				CB4A854C1C8687C40075AD64 /* Tests */,
				CB4A85701C86E2CE0075AD64 /* testipc */,
				CB8E34F41C86828900A60BAE /* Products */,
			);
			sourceTree = "<group>";
		};
		CB8E34F41C86828900A60BAE /* Products */ = {
			isa = PBXGroup;
			children = (
				CB8E34F31C86828900A60BAE /* libiDFUtil.dylib */,
				CB4A854B1C8687C40075AD64 /* Tests.xctest */,
				CB4A856F1C86E2CE0075AD64 /* testipc */,
			);
			name = Products;
			sourceTree = "<group>";
		};
		CBC9D3531C8D2C920087B66F /* New Group */ = {
			isa = PBXGroup;
			children = (
			);
			name = "New Group";
			sourceTree = "<group>";
		};
/* End PBXGroup section */

/* Begin PBXHeadersBuildPhase section */
		CB8E34F11C86828900A60BAE /* Headers */ = {
			isa = PBXHeadersBuildPhase;
			buildActionMask = 2147483647;
			files = (
				CB4A855F1C8691CB0075AD64 /* iDFException.h in Headers */,
				CB4A85601C8691CB0075AD64 /* iDFLock.h in Headers */,
				CB15C5681C8E9573005A735D /* iDFIPC.h in Headers */,
				CBC9D35D1C8DA00E0087B66F /* IDF_LogMessage.h in Headers */,
				CB15C5671C8E9573005A735D /* iDFCommandSet.h in Headers */,
				CBC9D3521C8D2C860087B66F /* IDF_LogMessage.pb.h in Headers */,
				CB4A85611C8691CB0075AD64 /* iDFThread.h in Headers */,
			);
			runOnlyForDeploymentPostprocessing = 0;
		};
/* End PBXHeadersBuildPhase section */

/* Begin PBXNativeTarget section */
		CB4A854A1C8687C40075AD64 /* Tests */ = {
			isa = PBXNativeTarget;
			buildConfigurationList = CB4A85531C8687C40075AD64 /* Build configuration list for PBXNativeTarget "Tests" */;
			buildPhases = (
				CB4A85471C8687C40075AD64 /* Sources */,
				CB4A85481C8687C40075AD64 /* Frameworks */,
				CB4A85491C8687C40075AD64 /* Resources */,
			);
			buildRules = (
			);
			dependencies = (
				CB4A85521C8687C40075AD64 /* PBXTargetDependency */,
			);
			name = Tests;
			productName = Tests;
			productReference = CB4A854B1C8687C40075AD64 /* Tests.xctest */;
			productType = "com.apple.product-type.bundle.unit-test";
		};
		CB4A856E1C86E2CE0075AD64 /* testipc */ = {
			isa = PBXNativeTarget;
			buildConfigurationList = CB4A85731C86E2CE0075AD64 /* Build configuration list for PBXNativeTarget "testipc" */;
			buildPhases = (
				CB4A856B1C86E2CE0075AD64 /* Sources */,
				CB4A856C1C86E2CE0075AD64 /* Frameworks */,
				CB4A856D1C86E2CE0075AD64 /* CopyFiles */,
			);
			buildRules = (
			);
			dependencies = (
			);
			name = testipc;
			productName = testipc;
			productReference = CB4A856F1C86E2CE0075AD64 /* testipc */;
			productType = "com.apple.product-type.tool";
		};
		CB8E34F21C86828900A60BAE /* iDFUtil */ = {
			isa = PBXNativeTarget;
			buildConfigurationList = CB8E34F71C86828900A60BAE /* Build configuration list for PBXNativeTarget "iDFUtil" */;
			buildPhases = (
				CB8E34EF1C86828900A60BAE /* Sources */,
				CB8E34F01C86828900A60BAE /* Frameworks */,
				CB8E34F11C86828900A60BAE /* Headers */,
			);
			buildRules = (
			);
			dependencies = (
			);
			name = iDFUtil;
			productName = iDFUtil;
			productReference = CB8E34F31C86828900A60BAE /* libiDFUtil.dylib */;
			productType = "com.apple.product-type.library.dynamic";
		};
/* End PBXNativeTarget section */

/* Begin PBXProject section */
		CB8E34EB1C86828900A60BAE /* Project object */ = {
			isa = PBXProject;
			attributes = {
				LastUpgradeCheck = 0720;
				ORGANIZATIONNAME = Axis;
				TargetAttributes = {
					CB4A854A1C8687C40075AD64 = {
						CreatedOnToolsVersion = 7.2.1;
					};
					CB4A856E1C86E2CE0075AD64 = {
						CreatedOnToolsVersion = 7.2.1;
					};
					CB8E34F21C86828900A60BAE = {
						CreatedOnToolsVersion = 7.2.1;
					};
				};
			};
			buildConfigurationList = CB8E34EE1C86828900A60BAE /* Build configuration list for PBXProject "iDFUtil" */;
			compatibilityVersion = "Xcode 3.2";
			developmentRegion = English;
			hasScannedForEncodings = 0;
			knownRegions = (
				en,
			);
			mainGroup = CB8E34EA1C86828900A60BAE;
			productRefGroup = CB8E34F41C86828900A60BAE /* Products */;
			projectDirPath = "";
			projectRoot = "";
			targets = (
				CB8E34F21C86828900A60BAE /* iDFUtil */,
				CB4A854A1C8687C40075AD64 /* Tests */,
				CB4A856E1C86E2CE0075AD64 /* testipc */,
			);
		};
/* End PBXProject section */

/* Begin PBXResourcesBuildPhase section */
		CB4A85491C8687C40075AD64 /* Resources */ = {
			isa = PBXResourcesBuildPhase;
			buildActionMask = 2147483647;
			files = (
				CB0731061C893331006B9E56 /* test.plist in Resources */,
			);
			runOnlyForDeploymentPostprocessing = 0;
		};
/* End PBXResourcesBuildPhase section */

/* Begin PBXSourcesBuildPhase section */
		CB4A85471C8687C40075AD64 /* Sources */ = {
			isa = PBXSourcesBuildPhase;
			buildActionMask = 2147483647;
			files = (
				CB4A854E1C8687C40075AD64 /* Thread.mm in Sources */,
			);
			runOnlyForDeploymentPostprocessing = 0;
		};
		CB4A856B1C86E2CE0075AD64 /* Sources */ = {
			isa = PBXSourcesBuildPhase;
			buildActionMask = 2147483647;
			files = (
				CBC9D3541C8D361A0087B66F /* IDF_LogMessage.pb.cc in Sources */,
				CBC9D3551C8D361A0087B66F /* IDF_LogMessage.pb.h in Sources */,
				CB0730FE1C8927D5006B9E56 /* iDFLog.h in Sources */,
				CB0730FF1C8927D5006B9E56 /* iDFPlugin.h in Sources */,
				CB0731011C8927D5006B9E56 /* iDFConfig.h in Sources */,
				CB4A85831C87F0440075AD64 /* iDFException.cpp in Sources */,
				CB4A85761C86E2EC0075AD64 /* iDFException.h in Sources */,
				CB4A85771C86E2EC0075AD64 /* iDFLock.h in Sources */,
				CB4A85781C86E2EC0075AD64 /* iDFThread.h in Sources */,
				CB4A85791C86E2EC0075AD64 /* common.h in Sources */,
				CB4A857B1C86E2EC0075AD64 /* iDFErrorCode.h in Sources */,
				CB4A857C1C86E2EC0075AD64 /* Visibility_push.h in Sources */,
				CB4A857D1C86E2EC0075AD64 /* Visibility_pop.h in Sources */,
				CB4A857E1C86E2EC0075AD64 /* iDFThread.cpp in Sources */,
				CB4A857F1C86E2EC0075AD64 /* iDFIPC.cpp in Sources */,
				CB4A85721C86E2CE0075AD64 /* main.cpp in Sources */,
			);
			runOnlyForDeploymentPostprocessing = 0;
		};
		CB8E34EF1C86828900A60BAE /* Sources */ = {
			isa = PBXSourcesBuildPhase;
			buildActionMask = 2147483647;
			files = (
				CB4A85851C87FF0D0075AD64 /* iDFLog.cpp in Sources */,
				CB4A85821C87EF8A0075AD64 /* iDFException.cpp in Sources */,
				CB4A856A1C86CBE00075AD64 /* iDFIPC.cpp in Sources */,
				CBC9D3511C8D2C860087B66F /* IDF_LogMessage.pb.cc in Sources */,
				CB4A85631C86947D0075AD64 /* iDFThread.cpp in Sources */,
			);
			runOnlyForDeploymentPostprocessing = 0;
		};
/* End PBXSourcesBuildPhase section */

/* Begin PBXTargetDependency section */
		CB4A85521C8687C40075AD64 /* PBXTargetDependency */ = {
			isa = PBXTargetDependency;
			target = CB8E34F21C86828900A60BAE /* iDFUtil */;
			targetProxy = CB4A85511C8687C40075AD64 /* PBXContainerItemProxy */;
		};
/* End PBXTargetDependency section */

/* Begin XCBuildConfiguration section */
		CB4A85541C8687C40075AD64 /* Debug */ = {
			isa = XCBuildConfiguration;
			buildSettings = {
				CLANG_CXX_LANGUAGE_STANDARD = "c++0x";
				COMBINE_HIDPI_IMAGES = YES;
				HEADER_SEARCH_PATHS = (
					"${SRCROOT}/../include/**",
					"$(SRCROOT)/../../3rd_party/protobuf2.6/include",
				);
				INFOPLIST_FILE = Tests/Info.plist;
				LD_RUNPATH_SEARCH_PATHS = "$(inherited) @executable_path/../Frameworks @loader_path/../Frameworks";
				PRODUCT_BUNDLE_IDENTIFIER = Axis.Tests;
				PRODUCT_NAME = "$(TARGET_NAME)";
			};
			name = Debug;
		};
		CB4A85551C8687C40075AD64 /* Release */ = {
			isa = XCBuildConfiguration;
			buildSettings = {
				CLANG_CXX_LANGUAGE_STANDARD = "c++0x";
				COMBINE_HIDPI_IMAGES = YES;
				HEADER_SEARCH_PATHS = (
					"${SRCROOT}/../include/**",
					"$(SRCROOT)/../../3rd_party/protobuf2.6/include",
				);
				INFOPLIST_FILE = Tests/Info.plist;
				LD_RUNPATH_SEARCH_PATHS = "$(inherited) @executable_path/../Frameworks @loader_path/../Frameworks";
				PRODUCT_BUNDLE_IDENTIFIER = Axis.Tests;
				PRODUCT_NAME = "$(TARGET_NAME)";
			};
			name = Release;
		};
		CB4A85741C86E2CE0075AD64 /* Debug */ = {
			isa = XCBuildConfiguration;
			buildSettings = {
				HEADER_SEARCH_PATHS = "$(SRCROOT)/../../../3rd_party/protobuf2.6/include";
				LIBRARY_SEARCH_PATHS = /Users/axis/PycharmProjects/iDefense/iDefense/iDefense/3rd_party/protobuf2.6/lib;
				PRODUCT_NAME = "$(TARGET_NAME)";
			};
			name = Debug;
		};
		CB4A85751C86E2CE0075AD64 /* Release */ = {
			isa = XCBuildConfiguration;
			buildSettings = {
				HEADER_SEARCH_PATHS = "$(SRCROOT)/../../../3rd_party/protobuf2.6/include";
				LIBRARY_SEARCH_PATHS = /Users/axis/PycharmProjects/iDefense/iDefense/iDefense/3rd_party/protobuf2.6/lib;
				PRODUCT_NAME = "$(TARGET_NAME)";
			};
			name = Release;
		};
		CB8E34F51C86828900A60BAE /* Debug */ = {
			isa = XCBuildConfiguration;
			buildSettings = {
				ALWAYS_SEARCH_USER_PATHS = NO;
				CLANG_CXX_LANGUAGE_STANDARD = "gnu++0x";
				CLANG_CXX_LIBRARY = "libc++";
				CLANG_ENABLE_MODULES = YES;
				CLANG_ENABLE_OBJC_ARC = YES;
				CLANG_WARN_BOOL_CONVERSION = YES;
				CLANG_WARN_CONSTANT_CONVERSION = YES;
				CLANG_WARN_DIRECT_OBJC_ISA_USAGE = YES_ERROR;
				CLANG_WARN_EMPTY_BODY = YES;
				CLANG_WARN_ENUM_CONVERSION = YES;
				CLANG_WARN_INT_CONVERSION = YES;
				CLANG_WARN_OBJC_ROOT_CLASS = YES_ERROR;
				CLANG_WARN_UNREACHABLE_CODE = YES;
				CLANG_WARN__DUPLICATE_METHOD_MATCH = YES;
				CODE_SIGN_IDENTITY = "-";
				COPY_PHASE_STRIP = NO;
				DEBUG_INFORMATION_FORMAT = dwarf;
				ENABLE_STRICT_OBJC_MSGSEND = YES;
				ENABLE_TESTABILITY = YES;
				GCC_C_LANGUAGE_STANDARD = gnu99;
				GCC_DYNAMIC_NO_PIC = NO;
				GCC_NO_COMMON_BLOCKS = YES;
				GCC_OPTIMIZATION_LEVEL = 0;
				GCC_PREPROCESSOR_DEFINITIONS = (
					"DEBUG=1",
					"$(inherited)",
				);
				GCC_WARN_64_TO_32_BIT_CONVERSION = YES;
				GCC_WARN_ABOUT_RETURN_TYPE = YES_ERROR;
				GCC_WARN_UNDECLARED_SELECTOR = YES;
				GCC_WARN_UNINITIALIZED_AUTOS = YES_AGGRESSIVE;
				GCC_WARN_UNUSED_FUNCTION = YES;
				GCC_WARN_UNUSED_VARIABLE = YES;
				MACOSX_DEPLOYMENT_TARGET = 10.11;
				MTL_ENABLE_DEBUG_INFO = YES;
				ONLY_ACTIVE_ARCH = YES;
				SDKROOT = macosx;
			};
			name = Debug;
		};
		CB8E34F61C86828900A60BAE /* Release */ = {
			isa = XCBuildConfiguration;
			buildSettings = {
				ALWAYS_SEARCH_USER_PATHS = NO;
				CLANG_CXX_LANGUAGE_STANDARD = "gnu++0x";
				CLANG_CXX_LIBRARY = "libc++";
				CLANG_ENABLE_MODULES = YES;
				CLANG_ENABLE_OBJC_ARC = YES;
				CLANG_WARN_BOOL_CONVERSION = YES;
				CLANG_WARN_CONSTANT_CONVERSION = YES;
				CLANG_WARN_DIRECT_OBJC_ISA_USAGE = YES_ERROR;
				CLANG_WARN_EMPTY_BODY = YES;
				CLANG_WARN_ENUM_CONVERSION = YES;
				CLANG_WARN_INT_CONVERSION = YES;
				CLANG_WARN_OBJC_ROOT_CLASS = YES_ERROR;
				CLANG_WARN_UNREACHABLE_CODE = YES;
				CLANG_WARN__DUPLICATE_METHOD_MATCH = YES;
				CODE_SIGN_IDENTITY = "-";
				COPY_PHASE_STRIP = NO;
				DEBUG_INFORMATION_FORMAT = "dwarf-with-dsym";
				ENABLE_NS_ASSERTIONS = NO;
				ENABLE_STRICT_OBJC_MSGSEND = YES;
				GCC_C_LANGUAGE_STANDARD = gnu99;
				GCC_NO_COMMON_BLOCKS = YES;
				GCC_WARN_64_TO_32_BIT_CONVERSION = YES;
				GCC_WARN_ABOUT_RETURN_TYPE = YES_ERROR;
				GCC_WARN_UNDECLARED_SELECTOR = YES;
				GCC_WARN_UNINITIALIZED_AUTOS = YES_AGGRESSIVE;
				GCC_WARN_UNUSED_FUNCTION = YES;
				GCC_WARN_UNUSED_VARIABLE = YES;
				MACOSX_DEPLOYMENT_TARGET = 10.11;
				MTL_ENABLE_DEBUG_INFO = NO;
				SDKROOT = macosx;
			};
			name = Release;
		};
		CB8E34F81C86828900A60BAE /* Debug */ = {
			isa = XCBuildConfiguration;
			buildSettings = {
				DYLIB_COMPATIBILITY_VERSION = 1;
				DYLIB_CURRENT_VERSION = 1;
				EXECUTABLE_PREFIX = lib;
				HEADER_SEARCH_PATHS = "$(SRCROOT)/../../../3rd_party/protobuf2.6/include";
				LIBRARY_SEARCH_PATHS = /Users/axis/PycharmProjects/iDefense/iDefense/iDefense/3rd_party/protobuf2.6/lib;
				MACH_O_TYPE = staticlib;
				PRODUCT_NAME = "$(TARGET_NAME)";
			};
			name = Debug;
		};
		CB8E34F91C86828900A60BAE /* Release */ = {
			isa = XCBuildConfiguration;
			buildSettings = {
				DYLIB_COMPATIBILITY_VERSION = 1;
				DYLIB_CURRENT_VERSION = 1;
				EXECUTABLE_PREFIX = lib;
				HEADER_SEARCH_PATHS = "$(SRCROOT)/../../../3rd_party/protobuf2.6/include";
				LIBRARY_SEARCH_PATHS = /Users/axis/PycharmProjects/iDefense/iDefense/iDefense/3rd_party/protobuf2.6/lib;
				MACH_O_TYPE = staticlib;
				PRODUCT_NAME = "$(TARGET_NAME)";
			};
			name = Release;
		};
/* End XCBuildConfiguration section */

/* Begin XCConfigurationList section */
		CB4A85531C8687C40075AD64 /* Build configuration list for PBXNativeTarget "Tests" */ = {
			isa = XCConfigurationList;
			buildConfigurations = (
				CB4A85541C8687C40075AD64 /* Debug */,
				CB4A85551C8687C40075AD64 /* Release */,
			);
			defaultConfigurationIsVisible = 0;
			defaultConfigurationName = Release;
		};
		CB4A85731C86E2CE0075AD64 /* Build configuration list for PBXNativeTarget "testipc" */ = {
			isa = XCConfigurationList;
			buildConfigurations = (
				CB4A85741C86E2CE0075AD64 /* Debug */,
				CB4A85751C86E2CE0075AD64 /* Release */,
			);
			defaultConfigurationIsVisible = 0;
			defaultConfigurationName = Release;
		};
		CB8E34EE1C86828900A60BAE /* Build configuration list for PBXProject "iDFUtil" */ = {
			isa = XCConfigurationList;
			buildConfigurations = (
				CB8E34F51C86828900A60BAE /* Debug */,
				CB8E34F61C86828900A60BAE /* Release */,
			);
			defaultConfigurationIsVisible = 0;
			defaultConfigurationName = Release;
		};
		CB8E34F71C86828900A60BAE /* Build configuration list for PBXNativeTarget "iDFUtil" */ = {
			isa = XCConfigurationList;
			buildConfigurations = (
				CB8E34F81C86828900A60BAE /* Debug */,
				CB8E34F91C86828900A60BAE /* Release */,
			);
			defaultConfigurationIsVisible = 0;
			defaultConfigurationName = Release;
		};
/* End XCConfigurationList section */
	};
	rootObject = CB8E34EB1C86828900A60BAE /* Project object */;
}
